lockfileVersion: '9.0'

settings:
  autoInstallPeers: true
  excludeLinksFromLockfile: false

importers:

  .:
    dependencies:
      '@material-tailwind/react':
        specifier: ^2.1.10
        version: 2.1.10(react-dom@18.3.1(react@18.3.1))(react@18.3.1)

packages:

  '@emotion/is-prop-valid@0.8.8':
    resolution: {integrity: sha512-u5WtneEAr5IDG2Wv65yhunPSMLIpuKsbuOktRojfrEiEvRyC85LgPMZI63cr7NUqT8ZIGdSVg8ZKGxIug4lXcA==}

  '@emotion/memoize@0.7.4':
    resolution: {integrity: sha512-Ja/Vfqe3HpuzRsG1oBtWTHk2PGZ7GR+2Vz5iYGelAw8dx32K0y7PjVuxK6z1nMpZOqAFsRUPCkK1YjJ56qJlgw==}

  '@floating-ui/core@1.6.8':
    resolution: {integrity: sha512-7XJ9cPU+yI2QeLS+FCSlqNFZJq8arvswefkZrYI1yQBbftw6FyrZOxYSh+9S7z7TpeWlRt9zJ5IhM1WIL334jA==}

  '@floating-ui/dom@1.6.12':
    resolution: {integrity: sha512-NP83c0HjokcGVEMeoStg317VD9W7eDlGK7457dMBANbKA6GJZdc7rjujdgqzTaz93jkGgc5P/jeWbaCHnMNc+w==}

  '@floating-ui/react-dom@1.3.0':
    resolution: {integrity: sha512-htwHm67Ji5E/pROEAr7f8IKFShuiCKHwUC/UY4vC3I5jiSvGFAYnSYiZO5MlGmads+QqvUkR9ANHEguGrDv72g==}
    peerDependencies:
      react: '>=16.8.0'
      react-dom: '>=16.8.0'

  '@floating-ui/react@0.19.0':
    resolution: {integrity: sha512-fgYvN4ksCi5OvmPXkyOT8o5a8PSKHMzPHt+9mR6KYWdF16IAjWRLZPAAziI2sznaWT23drRFrYw64wdvYqqaQw==}
    peerDependencies:
      react: '>=16.8.0'
      react-dom: '>=16.8.0'

  '@floating-ui/utils@0.2.8':
    resolution: {integrity: sha512-kym7SodPp8/wloecOpcmSnWJsK7M0E5Wg8UcFA+uO4B9s5d0ywXOEro/8HM9x0rW+TljRzul/14UYz3TleT3ig==}

  '@material-tailwind/react@2.1.10':
    resolution: {integrity: sha512-xGU/mLDKDBp/qZ8Dp2XR7fKcTpDuFeZEBqoL9Bk/29kakKxNxjUGYSRHEFLsyOFf4VIhU6WGHdIS7tOA3QGJHA==}
    peerDependencies:
      react: ^16 || ^17 || ^18
      react-dom: ^16 || ^17 || ^18

  '@motionone/animation@10.18.0':
    resolution: {integrity: sha512-9z2p5GFGCm0gBsZbi8rVMOAJCtw1WqBTIPw3ozk06gDvZInBPIsQcHgYogEJ4yuHJ+akuW8g1SEIOpTOvYs8hw==}

  '@motionone/dom@10.12.0':
    resolution: {integrity: sha512-UdPTtLMAktHiqV0atOczNYyDd/d8Cf5fFsd1tua03PqTwwCe/6lwhLSQ8a7TbnQ5SN0gm44N1slBfj+ORIhrqw==}

  '@motionone/easing@10.18.0':
    resolution: {integrity: sha512-VcjByo7XpdLS4o9T8t99JtgxkdMcNWD3yHU/n6CLEz3bkmKDRZyYQ/wmSf6daum8ZXqfUAgFeCZSpJZIMxaCzg==}

  '@motionone/generators@10.18.0':
    resolution: {integrity: sha512-+qfkC2DtkDj4tHPu+AFKVfR/C30O1vYdvsGYaR13W/1cczPrrcjdvYCj0VLFuRMN+lP1xvpNZHCRNM4fBzn1jg==}

  '@motionone/types@10.17.1':
    resolution: {integrity: sha512-KaC4kgiODDz8hswCrS0btrVrzyU2CSQKO7Ps90ibBVSQmjkrt2teqta6/sOG59v7+dPnKMAg13jyqtMKV2yJ7A==}

  '@motionone/utils@10.18.0':
    resolution: {integrity: sha512-3XVF7sgyTSI2KWvTf6uLlBJ5iAgRgmvp3bpuOiQJvInd4nZ19ET8lX5unn30SlmRH7hXbBbH+Gxd0m0klJ3Xtw==}

  aria-hidden@1.2.4:
    resolution: {integrity: sha512-y+CcFFwelSXpLZk/7fMB2mUbGtX9lKycf1MWJ7CaTIERyitVlyQx6C+sxcROU2BAJ24OiZyK+8wj2i8AlBoS3A==}
    engines: {node: '>=10'}

  classnames@2.3.2:
    resolution: {integrity: sha512-CSbhY4cFEJRe6/GQzIk5qXZ4Jeg5pcsP7b5peFSDpffpe1cqjASH/n9UTjBwOp6XpMSTwQ8Za2K5V02ueA7Tmw==}

  deepmerge@4.2.2:
    resolution: {integrity: sha512-FJ3UgI4gIl+PHZm53knsuSFpE+nESMr7M4v9QcgB7S63Kj/6WqMiFQJpBBYz1Pt+66bZpP3Q7Lye0Oo9MPKEdg==}
    engines: {node: '>=0.10.0'}

  framer-motion@6.5.1:
    resolution: {integrity: sha512-o1BGqqposwi7cgDrtg0dNONhkmPsUFDaLcKXigzuTFC5x58mE8iyTazxSudFzmT6MEyJKfjjU8ItoMe3W+3fiw==}
    peerDependencies:
      react: '>=16.8 || ^17.0.0 || ^18.0.0'
      react-dom: '>=16.8 || ^17.0.0 || ^18.0.0'

  framesync@6.0.1:
    resolution: {integrity: sha512-fUY88kXvGiIItgNC7wcTOl0SNRCVXMKSWW2Yzfmn7EKNc+MpCzcz9DhdHcdjbrtN3c6R4H5dTY2jiCpPdysEjA==}

  hey-listen@1.0.8:
    resolution: {integrity: sha512-COpmrF2NOg4TBWUJ5UVyaCU2A88wEMkUPK4hNqyCkqHbxT92BbvfjoSozkAIIm6XhicGlJHhFdullInrdhwU8Q==}

  js-tokens@4.0.0:
    resolution: {integrity: sha512-RdJUflcE3cUzKiMqQgsCu06FPu9UdIJO0beYbPhHN4k6apgJtifcoCtT9bcxOpYBtpD2kCM6Sbzg4CausW/PKQ==}

  loose-envify@1.4.0:
    resolution: {integrity: sha512-lyuxPGr/Wfhrlem2CL/UcnUc1zcqKAImBDzukY7Y5F/yQiNdko6+fRLevlw1HgMySw7f611UIY408EtxRSoK3Q==}
    hasBin: true

  material-ripple-effects@2.0.1:
    resolution: {integrity: sha512-hHlUkZAuXbP94lu02VgrPidbZ3hBtgXBtjlwR8APNqOIgDZMV8MCIcsclL8FmGJQHvnORyvoQgC965vPsiyXLQ==}

  object-assign@4.1.1:
    resolution: {integrity: sha512-rJgTQnkUnH1sFw8yT6VSU3zD3sWmu6sZhIseY8VX+GRu3P6F7Fu+JNDoXfklElbLJSnc3FUQHVe4cU5hj+BcUg==}
    engines: {node: '>=0.10.0'}

  popmotion@11.0.3:
    resolution: {integrity: sha512-Y55FLdj3UxkR7Vl3s7Qr4e9m0onSnP8W7d/xQLsoJM40vs6UKHFdygs6SWryasTZYqugMjm3BepCF4CWXDiHgA==}

  prop-types@15.8.1:
    resolution: {integrity: sha512-oj87CgZICdulUohogVAR7AjlC0327U4el4L6eAvOqCeudMDVU0NThNaV+b9Df4dXgSP1gXMTnPdhfe/2qDH5cg==}

  react-dom@18.3.1:
    resolution: {integrity: sha512-5m4nQKp+rZRb09LNH59GM4BxTh9251/ylbKIbpe7TpGxfJ+9kv6BLkLBXIjjspbgbnIBNqlI23tRnTWT0snUIw==}
    peerDependencies:
      react: ^18.3.1

  react-is@16.13.1:
    resolution: {integrity: sha512-24e6ynE2H+OKt4kqsOvNd8kBpV65zoxbA4BVsEOB3ARVWQki/DHzaUoC5KuON/BiccDaCCTZBuOcfZs70kR8bQ==}

  react@18.3.1:
    resolution: {integrity: sha512-wS+hAgJShR0KhEvPJArfuPVN1+Hz1t0Y6n5jLrGQbkb4urgPE/0Rve+1kMB1v/oWgHgm4WIcV+i7F2pTVj+2iQ==}
    engines: {node: '>=0.10.0'}

  scheduler@0.23.2:
    resolution: {integrity: sha512-UOShsPwz7NrMUqhR6t0hWjFduvOzbtv7toDH1/hIrfRNIDBnnBWd0CwJTGvTpngVlmwGCdP9/Zl/tVrDqcuYzQ==}

  style-value-types@5.0.0:
    resolution: {integrity: sha512-08yq36Ikn4kx4YU6RD7jWEv27v4V+PUsOGa4n/as8Et3CuODMJQ00ENeAVXAeydX4Z2j1XHZF1K2sX4mGl18fA==}

  tabbable@6.2.0:
    resolution: {integrity: sha512-Cat63mxsVJlzYvN51JmVXIgNoUokrIaT2zLclCXjRd8boZ0004U4KCs/sToJ75C6sdlByWxpYnb5Boif1VSFew==}

  tailwind-merge@1.8.1:
    resolution: {integrity: sha512-+fflfPxvHFr81hTJpQ3MIwtqgvefHZFUHFiIHpVIRXvG/nX9+gu2P7JNlFu2bfDMJ+uHhi/pUgzaYacMoXv+Ww==}

  tslib@2.8.1:
    resolution: {integrity: sha512-oJFu94HQb+KVduSUQL7wnpmqnfmLsOA/nAh6b6EH0wCEoK0/mPeXU6c3wKDV83MkOuHPRHtSXKKU99IBazS/2w==}

snapshots:

  '@emotion/is-prop-valid@0.8.8':
    dependencies:
      '@emotion/memoize': 0.7.4
    optional: true

  '@emotion/memoize@0.7.4':
    optional: true

  '@floating-ui/core@1.6.8':
    dependencies:
      '@floating-ui/utils': 0.2.8

  '@floating-ui/dom@1.6.12':
    dependencies:
      '@floating-ui/core': 1.6.8
      '@floating-ui/utils': 0.2.8

  '@floating-ui/react-dom@1.3.0(react-dom@18.3.1(react@18.3.1))(react@18.3.1)':
    dependencies:
      '@floating-ui/dom': 1.6.12
      react: 18.3.1
      react-dom: 18.3.1(react@18.3.1)

  '@floating-ui/react@0.19.0(react-dom@18.3.1(react@18.3.1))(react@18.3.1)':
    dependencies:
      '@floating-ui/react-dom': 1.3.0(react-dom@18.3.1(react@18.3.1))(react@18.3.1)
      aria-hidden: 1.2.4
      react: 18.3.1
      react-dom: 18.3.1(react@18.3.1)
      tabbable: 6.2.0

  '@floating-ui/utils@0.2.8': {}

  '@material-tailwind/react@2.1.10(react-dom@18.3.1(react@18.3.1))(react@18.3.1)':
    dependencies:
      '@floating-ui/react': 0.19.0(react-dom@18.3.1(react@18.3.1))(react@18.3.1)
      classnames: 2.3.2
      deepmerge: 4.2.2
      framer-motion: 6.5.1(react-dom@18.3.1(react@18.3.1))(react@18.3.1)
      material-ripple-effects: 2.0.1
      prop-types: 15.8.1
      react: 18.3.1
      react-dom: 18.3.1(react@18.3.1)
      tailwind-merge: 1.8.1

  '@motionone/animation@10.18.0':
    dependencies:
      '@motionone/easing': 10.18.0
      '@motionone/types': 10.17.1
      '@motionone/utils': 10.18.0
      tslib: 2.8.1

  '@motionone/dom@10.12.0':
    dependencies:
      '@motionone/animation': 10.18.0
      '@motionone/generators': 10.18.0
      '@motionone/types': 10.17.1
      '@motionone/utils': 10.18.0
      hey-listen: 1.0.8
      tslib: 2.8.1

  '@motionone/easing@10.18.0':
    dependencies:
      '@motionone/utils': 10.18.0
      tslib: 2.8.1

  '@motionone/generators@10.18.0':
    dependencies:
      '@motionone/types': 10.17.1
      '@motionone/utils': 10.18.0
      tslib: 2.8.1

  '@motionone/types@10.17.1': {}

  '@motionone/utils@10.18.0':
    dependencies:
      '@motionone/types': 10.17.1
      hey-listen: 1.0.8
      tslib: 2.8.1

  aria-hidden@1.2.4:
    dependencies:
      tslib: 2.8.1

  classnames@2.3.2: {}

  deepmerge@4.2.2: {}

  framer-motion@6.5.1(react-dom@18.3.1(react@18.3.1))(react@18.3.1):
    dependencies:
      '@motionone/dom': 10.12.0
      framesync: 6.0.1
      hey-listen: 1.0.8
      popmotion: 11.0.3
      react: 18.3.1
      react-dom: 18.3.1(react@18.3.1)
      style-value-types: 5.0.0
      tslib: 2.8.1
    optionalDependencies:
      '@emotion/is-prop-valid': 0.8.8

  framesync@6.0.1:
    dependencies:
      tslib: 2.8.1

  hey-listen@1.0.8: {}

  js-tokens@4.0.0: {}

  loose-envify@1.4.0:
    dependencies:
      js-tokens: 4.0.0

  material-ripple-effects@2.0.1: {}

  object-assign@4.1.1: {}

  popmotion@11.0.3:
    dependencies:
      framesync: 6.0.1
      hey-listen: 1.0.8
      style-value-types: 5.0.0
      tslib: 2.8.1

  prop-types@15.8.1:
    dependencies:
      loose-envify: 1.4.0
      object-assign: 4.1.1
      react-is: 16.13.1

  react-dom@18.3.1(react@18.3.1):
    dependencies:
      loose-envify: 1.4.0
      react: 18.3.1
      scheduler: 0.23.2

  react-is@16.13.1: {}

  react@18.3.1:
    dependencies:
      loose-envify: 1.4.0

  scheduler@0.23.2:
    dependencies:
      loose-envify: 1.4.0

  style-value-types@5.0.0:
    dependencies:
      hey-listen: 1.0.8
      tslib: 2.8.1

  tabbable@6.2.0: {}

  tailwind-merge@1.8.1: {}

  tslib@2.8.1: {}
